
Microsoft Visual Studio Solution File, Format Version 12.00
# Visual Studio Version 17
VisualStudioVersion = 17.8.34408.163
MinimumVisualStudioVersion = 10.0.40219.1
Project("{9A19103F-16F7-4668-BE54-9A1E7A4F7556}") = "DenevCloud.Core.Unmanaged.Tests", "Tests\DenevCloud.Core.Unmanaged.Tests\DenevCloud.Core.Unmanaged.Tests.csproj", "{54F7054E-4318-4098-A8E2-8664DE0376AF}"
EndProject
Project("{9A19103F-16F7-4668-BE54-9A1E7A4F7556}") = "DenevCloud.Core.Unmanaged", "src\DenevCloud.Core.Unmanaged.csproj", "{C3F19105-A6BF-4F1F-8A53-969BBF9FD1B8}"
EndProject
Project("{9A19103F-16F7-4668-BE54-9A1E7A4F7556}") = "DenevCloud.Core.Unmanaged.Benchmarks", "benchmarks\DenevCloud.Core.Unmanaged.Benchmarks\DenevCloud.Core.Unmanaged.Benchmarks.csproj", "{DAF5D737-FEFB-4D6F-BC05-B1A6069539F0}"
EndProject
Project("{FAE04EC0-301F-11D3-BF4B-00C04F79EFBC}") = "DenevCloud.Core.Unmanaged.Examples", "DenevCloud.Core.Unmanaged.Examples\DenevCloud.Core.Unmanaged.Examples.csproj", "{9BCE27A7-3812-4632-B95A-1FFD97056B09}"
EndProject
Global
	GlobalSection(SolutionConfigurationPlatforms) = preSolution
		Debug|Any CPU = Debug|Any CPU
		Release|Any CPU = Release|Any CPU
	EndGlobalSection
	GlobalSection(ProjectConfigurationPlatforms) = postSolution
		{54F7054E-4318-4098-A8E2-8664DE0376AF}.Debug|Any CPU.ActiveCfg = Debug|Any CPU
		{54F7054E-4318-4098-A8E2-8664DE0376AF}.Debug|Any CPU.Build.0 = Debug|Any CPU
		{54F7054E-4318-4098-A8E2-8664DE0376AF}.Release|Any CPU.ActiveCfg = Release|Any CPU
		{54F7054E-4318-4098-A8E2-8664DE0376AF}.Release|Any CPU.Build.0 = Release|Any CPU
		{C3F19105-A6BF-4F1F-8A53-969BBF9FD1B8}.Debug|Any CPU.ActiveCfg = Debug|Any CPU
		{C3F19105-A6BF-4F1F-8A53-969BBF9FD1B8}.Debug|Any CPU.Build.0 = Debug|Any CPU
		{C3F19105-A6BF-4F1F-8A53-969BBF9FD1B8}.Release|Any CPU.ActiveCfg = Release|Any CPU
		{C3F19105-A6BF-4F1F-8A53-969BBF9FD1B8}.Release|Any CPU.Build.0 = Release|Any CPU
		{DAF5D737-FEFB-4D6F-BC05-B1A6069539F0}.Debug|Any CPU.ActiveCfg = Debug|Any CPU
		{DAF5D737-FEFB-4D6F-BC05-B1A6069539F0}.Debug|Any CPU.Build.0 = Debug|Any CPU
		{DAF5D737-FEFB-4D6F-BC05-B1A6069539F0}.Release|Any CPU.ActiveCfg = Release|Any CPU
		{DAF5D737-FEFB-4D6F-BC05-B1A6069539F0}.Release|Any CPU.Build.0 = Release|Any CPU
		{9BCE27A7-3812-4632-B95A-1FFD97056B09}.Debug|Any CPU.ActiveCfg = Debug|Any CPU
		{9BCE27A7-3812-4632-B95A-1FFD97056B09}.Debug|Any CPU.Build.0 = Debug|Any CPU
		{9BCE27A7-3812-4632-B95A-1FFD97056B09}.Release|Any CPU.ActiveCfg = Release|Any CPU
		{9BCE27A7-3812-4632-B95A-1FFD97056B09}.Release|Any CPU.Build.0 = Release|Any CPU
	EndGlobalSection
	GlobalSection(SolutionProperties) = preSolution
		HideSolutionNode = FALSE
	EndGlobalSection
	GlobalSection(ExtensibilityGlobals) = postSolution
		SolutionGuid = {DFC41C2C-4E6A-4FEC-8428-4E0A7E2BEAE7}
	EndGlobalSection
EndGlobal
