
Microsoft Visual Studio Solution File, Format Version 12.00
# Visual Studio Version 17
VisualStudioVersion = 17.8.34408.163
MinimumVisualStudioVersion = 10.0.40219.1
Project("{FAE04EC0-301F-11D3-BF4B-00C04F79EFBC}") = "DenevCloud.Core.Unmanaged", "DenevCloud.Core.Unmanaged.csproj", "{8F6641EC-265F-4014-95D9-077237A8D449}"
EndProject
Global
	GlobalSection(SolutionConfigurationPlatforms) = preSolution
		Debug|Any CPU = Debug|Any CPU
		Release|Any CPU = Release|Any CPU
	EndGlobalSection
	GlobalSection(ProjectConfigurationPlatforms) = postSolution
		{8F6641EC-265F-4014-95D9-077237A8D449}.Debug|Any CPU.ActiveCfg = Debug|Any CPU
		{8F6641EC-265F-4014-95D9-077237A8D449}.Debug|Any CPU.Build.0 = Debug|Any CPU
		{8F6641EC-265F-4014-95D9-077237A8D449}.Release|Any CPU.ActiveCfg = Release|Any CPU
		{8F6641EC-265F-4014-95D9-077237A8D449}.Release|Any CPU.Build.0 = Release|Any CPU
	EndGlobalSection
	GlobalSection(SolutionProperties) = preSolution
		HideSolutionNode = FALSE
	EndGlobalSection
	GlobalSection(ExtensibilityGlobals) = postSolution
		SolutionGuid = {DFC41C2C-4E6A-4FEC-8428-4E0A7E2BEAE7}
	EndGlobalSection
EndGlobal
